// !$*UTF8*$!
{
	archiveVersion = 1;
	classes = {
	};
	objectVersion = 46;
	objects = {

/* Begin PBXBuildFile section */
		540B6CF1D1DBEDCA3ABC7B09 /* Pods_RideNiceRideUITests.framework in Frameworks */ = {isa = PBXBuildFile; fileRef = 2EDC30CA0D96D8D58301DD3B /* Pods_RideNiceRideUITests.framework */; };
		6275BB5297329121C3B4D33E /* Pods_RideNiceRide.framework in Frameworks */ = {isa = PBXBuildFile; fileRef = E137CE4677B2FF345E515300 /* Pods_RideNiceRide.framework */; };
		9503DDFD1DC8B4D90056E731 /* BaseTableViewCell.swift in Sources */ = {isa = PBXBuildFile; fileRef = 9503DDFC1DC8B4D90056E731 /* BaseTableViewCell.swift */; };
		9579A6B91DC559520010F621 /* String.swift in Sources */ = {isa = PBXBuildFile; fileRef = 9579A6B81DC559520010F621 /* String.swift */; };
		9579A6C11DC56D1A0010F621 /* UIApplication.swift in Sources */ = {isa = PBXBuildFile; fileRef = 9579A6BA1DC56D1A0010F621 /* UIApplication.swift */; };
		9579A6C21DC56D1A0010F621 /* UIColor.swift in Sources */ = {isa = PBXBuildFile; fileRef = 9579A6BB1DC56D1A0010F621 /* UIColor.swift */; };
		9579A6C31DC56D1A0010F621 /* UIImage.swift in Sources */ = {isa = PBXBuildFile; fileRef = 9579A6BC1DC56D1A0010F621 /* UIImage.swift */; };
		9579A6C41DC56D1A0010F621 /* UIImageView.swift in Sources */ = {isa = PBXBuildFile; fileRef = 9579A6BD1DC56D1A0010F621 /* UIImageView.swift */; };
		9579A6C51DC56D1A0010F621 /* UITableViewExtension.swift in Sources */ = {isa = PBXBuildFile; fileRef = 9579A6BE1DC56D1A0010F621 /* UITableViewExtension.swift */; };
		9579A6C61DC56D1A0010F621 /* UIView.swift in Sources */ = {isa = PBXBuildFile; fileRef = 9579A6BF1DC56D1A0010F621 /* UIView.swift */; };
		9579A6C71DC56D1A0010F621 /* UIViewController.swift in Sources */ = {isa = PBXBuildFile; fileRef = 9579A6C01DC56D1A0010F621 /* UIViewController.swift */; };
		9579A6D21DC76F360010F621 /* ImageHeaderView.swift in Sources */ = {isa = PBXBuildFile; fileRef = 9579A6D11DC76F360010F621 /* ImageHeaderView.swift */; };
		9579A6D41DC78F010010F621 /* ImageHeaderView.xib in Resources */ = {isa = PBXBuildFile; fileRef = 9579A6D31DC78F010010F621 /* ImageHeaderView.xib */; };
		957B91841DD754A1000AE432 /* ExSlideMenuController.swift in Sources */ = {isa = PBXBuildFile; fileRef = 957B91831DD754A1000AE432 /* ExSlideMenuController.swift */; };
		957B91861DD75ADB000AE432 /* FavoritesViewController.swift in Sources */ = {isa = PBXBuildFile; fileRef = 957B91851DD75ADB000AE432 /* FavoritesViewController.swift */; };
		957B91881DD75F88000AE432 /* RentalHistoryViewController.swift in Sources */ = {isa = PBXBuildFile; fileRef = 957B91871DD75F88000AE432 /* RentalHistoryViewController.swift */; };
		957B918A1DD76259000AE432 /* Storyboard.swift in Sources */ = {isa = PBXBuildFile; fileRef = 957B91891DD76259000AE432 /* Storyboard.swift */; };
		958844001DD7D78E00F62CC7 /* Images.swift in Sources */ = {isa = PBXBuildFile; fileRef = 958843FF1DD7D78E00F62CC7 /* Images.swift */; };
		9594C5351DE1C1A9005F780A /* Station.swift in Sources */ = {isa = PBXBuildFile; fileRef = 9594C5341DE1C1A9005F780A /* Station.swift */; };
		9594C5371DE207DE005F780A /* FavoritesTableViewCell.swift in Sources */ = {isa = PBXBuildFile; fileRef = 9594C5361DE207DE005F780A /* FavoritesTableViewCell.swift */; };
		95AB792C1E17FDDB00A28A7D /* HubwayAPI.swift in Sources */ = {isa = PBXBuildFile; fileRef = 95AB792B1E17FDDB00A28A7D /* HubwayAPI.swift */; };
		95BA03F71DDDD273007825CD /* BottomViewController.swift in Sources */ = {isa = PBXBuildFile; fileRef = 95BA03F61DDDD273007825CD /* BottomViewController.swift */; };
		95BA8B8E1DC2F1B700E60586 /* AppDelegate.swift in Sources */ = {isa = PBXBuildFile; fileRef = 95BA8B8D1DC2F1B700E60586 /* AppDelegate.swift */; };
		95BA8B931DC2F1B700E60586 /* Main.storyboard in Resources */ = {isa = PBXBuildFile; fileRef = 95BA8B911DC2F1B700E60586 /* Main.storyboard */; };
		95BA8B951DC2F1B700E60586 /* Assets.xcassets in Resources */ = {isa = PBXBuildFile; fileRef = 95BA8B941DC2F1B700E60586 /* Assets.xcassets */; };
		95BA8B981DC2F1B700E60586 /* LaunchScreen.storyboard in Resources */ = {isa = PBXBuildFile; fileRef = 95BA8B961DC2F1B700E60586 /* LaunchScreen.storyboard */; };
		95BA8BA31DC2F1B700E60586 /* RideNiceRideTests.swift in Sources */ = {isa = PBXBuildFile; fileRef = 95BA8BA21DC2F1B700E60586 /* RideNiceRideTests.swift */; };
		95BA8BAE1DC2F1B700E60586 /* RideNiceRideUITests.swift in Sources */ = {isa = PBXBuildFile; fileRef = 95BA8BAD1DC2F1B700E60586 /* RideNiceRideUITests.swift */; };
		95CAAF291DD362BB00809AB7 /* MainViewController.swift in Sources */ = {isa = PBXBuildFile; fileRef = 95CAAF281DD362BB00809AB7 /* MainViewController.swift */; };
		95E475041DD5EB550027765C /* LeftViewController.swift in Sources */ = {isa = PBXBuildFile; fileRef = 95E475031DD5EB550027765C /* LeftViewController.swift */; };
		95E8CEB31DD9F7E600406FC9 /* ContentViewController.swift in Sources */ = {isa = PBXBuildFile; fileRef = 95E8CEB21DD9F7E600406FC9 /* ContentViewController.swift */; };
		AB4EBF1AF87110BDC3AD1C4D /* Pods_RideNiceRideTests.framework in Frameworks */ = {isa = PBXBuildFile; fileRef = 4DC24E9C012D42CE7219BBE5 /* Pods_RideNiceRideTests.framework */; };
/* End PBXBuildFile section */

/* Begin PBXContainerItemProxy section */
		95BA8B9F1DC2F1B700E60586 /* PBXContainerItemProxy */ = {
			isa = PBXContainerItemProxy;
			containerPortal = 95BA8B821DC2F1B700E60586 /* Project object */;
			proxyType = 1;
			remoteGlobalIDString = 95BA8B891DC2F1B700E60586;
			remoteInfo = RideNiceRide;
		};
		95BA8BAA1DC2F1B700E60586 /* PBXContainerItemProxy */ = {
			isa = PBXContainerItemProxy;
			containerPortal = 95BA8B821DC2F1B700E60586 /* Project object */;
			proxyType = 1;
			remoteGlobalIDString = 95BA8B891DC2F1B700E60586;
			remoteInfo = RideNiceRide;
		};
/* End PBXContainerItemProxy section */

/* Begin PBXFileReference section */
		14D50F199D5C0620D2A8B024 /* Pods-RideNiceRideTests.debug.xcconfig */ = {isa = PBXFileReference; includeInIndex = 1; lastKnownFileType = text.xcconfig; name = "Pods-RideNiceRideTests.debug.xcconfig"; path = "Pods/Target Support Files/Pods-RideNiceRideTests/Pods-RideNiceRideTests.debug.xcconfig"; sourceTree = "<group>"; };
		2EDC30CA0D96D8D58301DD3B /* Pods_RideNiceRideUITests.framework */ = {isa = PBXFileReference; explicitFileType = wrapper.framework; includeInIndex = 0; path = Pods_RideNiceRideUITests.framework; sourceTree = BUILT_PRODUCTS_DIR; };
		4DC24E9C012D42CE7219BBE5 /* Pods_RideNiceRideTests.framework */ = {isa = PBXFileReference; explicitFileType = wrapper.framework; includeInIndex = 0; path = Pods_RideNiceRideTests.framework; sourceTree = BUILT_PRODUCTS_DIR; };
		4F5F0F2780110C8436656AE5 /* Pods-RideNiceRideTests.release.xcconfig */ = {isa = PBXFileReference; includeInIndex = 1; lastKnownFileType = text.xcconfig; name = "Pods-RideNiceRideTests.release.xcconfig"; path = "Pods/Target Support Files/Pods-RideNiceRideTests/Pods-RideNiceRideTests.release.xcconfig"; sourceTree = "<group>"; };
		51F791ADF308A9989CCB0E7A /* Pods-RideNiceRideUITests.debug.xcconfig */ = {isa = PBXFileReference; includeInIndex = 1; lastKnownFileType = text.xcconfig; name = "Pods-RideNiceRideUITests.debug.xcconfig"; path = "Pods/Target Support Files/Pods-RideNiceRideUITests/Pods-RideNiceRideUITests.debug.xcconfig"; sourceTree = "<group>"; };
		79D39A267472A538A414C839 /* Pods-RideNiceRideUITests.release.xcconfig */ = {isa = PBXFileReference; includeInIndex = 1; lastKnownFileType = text.xcconfig; name = "Pods-RideNiceRideUITests.release.xcconfig"; path = "Pods/Target Support Files/Pods-RideNiceRideUITests/Pods-RideNiceRideUITests.release.xcconfig"; sourceTree = "<group>"; };
		9503DDFC1DC8B4D90056E731 /* BaseTableViewCell.swift */ = {isa = PBXFileReference; fileEncoding = 4; lastKnownFileType = sourcecode.swift; path = BaseTableViewCell.swift; sourceTree = "<group>"; };
		954FF3ED1DCB64D70067C6CB /* Info.plist */ = {isa = PBXFileReference; fileEncoding = 4; lastKnownFileType = text.plist.xml; path = Info.plist; sourceTree = "<group>"; };
		9579A6B81DC559520010F621 /* String.swift */ = {isa = PBXFileReference; fileEncoding = 4; lastKnownFileType = sourcecode.swift; path = String.swift; sourceTree = "<group>"; };
		9579A6BA1DC56D1A0010F621 /* UIApplication.swift */ = {isa = PBXFileReference; fileEncoding = 4; lastKnownFileType = sourcecode.swift; path = UIApplication.swift; sourceTree = "<group>"; };
		9579A6BB1DC56D1A0010F621 /* UIColor.swift */ = {isa = PBXFileReference; fileEncoding = 4; lastKnownFileType = sourcecode.swift; path = UIColor.swift; sourceTree = "<group>"; };
		9579A6BC1DC56D1A0010F621 /* UIImage.swift */ = {isa = PBXFileReference; fileEncoding = 4; lastKnownFileType = sourcecode.swift; path = UIImage.swift; sourceTree = "<group>"; };
		9579A6BD1DC56D1A0010F621 /* UIImageView.swift */ = {isa = PBXFileReference; fileEncoding = 4; lastKnownFileType = sourcecode.swift; path = UIImageView.swift; sourceTree = "<group>"; };
		9579A6BE1DC56D1A0010F621 /* UITableViewExtension.swift */ = {isa = PBXFileReference; fileEncoding = 4; lastKnownFileType = sourcecode.swift; path = UITableViewExtension.swift; sourceTree = "<group>"; };
		9579A6BF1DC56D1A0010F621 /* UIView.swift */ = {isa = PBXFileReference; fileEncoding = 4; lastKnownFileType = sourcecode.swift; path = UIView.swift; sourceTree = "<group>"; };
		9579A6C01DC56D1A0010F621 /* UIViewController.swift */ = {isa = PBXFileReference; fileEncoding = 4; lastKnownFileType = sourcecode.swift; path = UIViewController.swift; sourceTree = "<group>"; };
		9579A6D11DC76F360010F621 /* ImageHeaderView.swift */ = {isa = PBXFileReference; fileEncoding = 4; lastKnownFileType = sourcecode.swift; path = ImageHeaderView.swift; sourceTree = "<group>"; };
		9579A6D31DC78F010010F621 /* ImageHeaderView.xib */ = {isa = PBXFileReference; fileEncoding = 4; lastKnownFileType = file.xib; path = ImageHeaderView.xib; sourceTree = "<group>"; };
		957B91831DD754A1000AE432 /* ExSlideMenuController.swift */ = {isa = PBXFileReference; fileEncoding = 4; lastKnownFileType = sourcecode.swift; path = ExSlideMenuController.swift; sourceTree = "<group>"; };
		957B91851DD75ADB000AE432 /* FavoritesViewController.swift */ = {isa = PBXFileReference; fileEncoding = 4; lastKnownFileType = sourcecode.swift; path = FavoritesViewController.swift; sourceTree = "<group>"; };
		957B91871DD75F88000AE432 /* RentalHistoryViewController.swift */ = {isa = PBXFileReference; fileEncoding = 4; lastKnownFileType = sourcecode.swift; path = RentalHistoryViewController.swift; sourceTree = "<group>"; };
		957B91891DD76259000AE432 /* Storyboard.swift */ = {isa = PBXFileReference; fileEncoding = 4; lastKnownFileType = sourcecode.swift; path = Storyboard.swift; sourceTree = "<group>"; };
		958843FF1DD7D78E00F62CC7 /* Images.swift */ = {isa = PBXFileReference; fileEncoding = 4; lastKnownFileType = sourcecode.swift; path = Images.swift; sourceTree = "<group>"; };
		9594C5341DE1C1A9005F780A /* Station.swift */ = {isa = PBXFileReference; fileEncoding = 4; lastKnownFileType = sourcecode.swift; path = Station.swift; sourceTree = "<group>"; };
		9594C5361DE207DE005F780A /* FavoritesTableViewCell.swift */ = {isa = PBXFileReference; fileEncoding = 4; lastKnownFileType = sourcecode.swift; path = FavoritesTableViewCell.swift; sourceTree = "<group>"; };
		95AB792B1E17FDDB00A28A7D /* HubwayAPI.swift */ = {isa = PBXFileReference; fileEncoding = 4; lastKnownFileType = sourcecode.swift; path = HubwayAPI.swift; sourceTree = "<group>"; };
		95BA03F61DDDD273007825CD /* BottomViewController.swift */ = {isa = PBXFileReference; fileEncoding = 4; lastKnownFileType = sourcecode.swift; path = BottomViewController.swift; sourceTree = "<group>"; };
		95BA8B8A1DC2F1B700E60586 /* RideNiceRide.app */ = {isa = PBXFileReference; explicitFileType = wrapper.application; includeInIndex = 0; path = RideNiceRide.app; sourceTree = BUILT_PRODUCTS_DIR; };
		95BA8B8D1DC2F1B700E60586 /* AppDelegate.swift */ = {isa = PBXFileReference; lastKnownFileType = sourcecode.swift; path = AppDelegate.swift; sourceTree = "<group>"; };
		95BA8B921DC2F1B700E60586 /* Base */ = {isa = PBXFileReference; lastKnownFileType = file.storyboard; name = Base; path = Base.lproj/Main.storyboard; sourceTree = "<group>"; };
		95BA8B941DC2F1B700E60586 /* Assets.xcassets */ = {isa = PBXFileReference; lastKnownFileType = folder.assetcatalog; path = Assets.xcassets; sourceTree = "<group>"; };
		95BA8B971DC2F1B700E60586 /* Base */ = {isa = PBXFileReference; lastKnownFileType = file.storyboard; name = Base; path = Base.lproj/LaunchScreen.storyboard; sourceTree = "<group>"; };
		95BA8B9E1DC2F1B700E60586 /* RideNiceRideTests.xctest */ = {isa = PBXFileReference; explicitFileType = wrapper.cfbundle; includeInIndex = 0; path = RideNiceRideTests.xctest; sourceTree = BUILT_PRODUCTS_DIR; };
		95BA8BA21DC2F1B700E60586 /* RideNiceRideTests.swift */ = {isa = PBXFileReference; lastKnownFileType = sourcecode.swift; path = RideNiceRideTests.swift; sourceTree = "<group>"; };
		95BA8BA41DC2F1B700E60586 /* Info.plist */ = {isa = PBXFileReference; lastKnownFileType = text.plist.xml; path = Info.plist; sourceTree = "<group>"; };
		95BA8BA91DC2F1B700E60586 /* RideNiceRideUITests.xctest */ = {isa = PBXFileReference; explicitFileType = wrapper.cfbundle; includeInIndex = 0; path = RideNiceRideUITests.xctest; sourceTree = BUILT_PRODUCTS_DIR; };
		95BA8BAD1DC2F1B700E60586 /* RideNiceRideUITests.swift */ = {isa = PBXFileReference; lastKnownFileType = sourcecode.swift; path = RideNiceRideUITests.swift; sourceTree = "<group>"; };
		95BA8BAF1DC2F1B700E60586 /* Info.plist */ = {isa = PBXFileReference; lastKnownFileType = text.plist.xml; path = Info.plist; sourceTree = "<group>"; };
		95CAAF281DD362BB00809AB7 /* MainViewController.swift */ = {isa = PBXFileReference; fileEncoding = 4; lastKnownFileType = sourcecode.swift; path = MainViewController.swift; sourceTree = "<group>"; };
		95E475031DD5EB550027765C /* LeftViewController.swift */ = {isa = PBXFileReference; fileEncoding = 4; lastKnownFileType = sourcecode.swift; path = LeftViewController.swift; sourceTree = "<group>"; };
		95E8CEB21DD9F7E600406FC9 /* ContentViewController.swift */ = {isa = PBXFileReference; fileEncoding = 4; lastKnownFileType = sourcecode.swift; path = ContentViewController.swift; sourceTree = "<group>"; };
		AE686DD1349C0D1A20AAE675 /* Pods-RideNiceRide.release.xcconfig */ = {isa = PBXFileReference; includeInIndex = 1; lastKnownFileType = text.xcconfig; name = "Pods-RideNiceRide.release.xcconfig"; path = "Pods/Target Support Files/Pods-RideNiceRide/Pods-RideNiceRide.release.xcconfig"; sourceTree = "<group>"; };
		E137CE4677B2FF345E515300 /* Pods_RideNiceRide.framework */ = {isa = PBXFileReference; explicitFileType = wrapper.framework; includeInIndex = 0; path = Pods_RideNiceRide.framework; sourceTree = BUILT_PRODUCTS_DIR; };
		FFD9861FA88A6161EA9CD943 /* Pods-RideNiceRide.debug.xcconfig */ = {isa = PBXFileReference; includeInIndex = 1; lastKnownFileType = text.xcconfig; name = "Pods-RideNiceRide.debug.xcconfig"; path = "Pods/Target Support Files/Pods-RideNiceRide/Pods-RideNiceRide.debug.xcconfig"; sourceTree = "<group>"; };
/* End PBXFileReference section */

/* Begin PBXFrameworksBuildPhase section */
		95BA8B871DC2F1B700E60586 /* Frameworks */ = {
			isa = PBXFrameworksBuildPhase;
			buildActionMask = 2147483647;
			files = (
				6275BB5297329121C3B4D33E /* Pods_RideNiceRide.framework in Frameworks */,
			);
			runOnlyForDeploymentPostprocessing = 0;
		};
		95BA8B9B1DC2F1B700E60586 /* Frameworks */ = {
			isa = PBXFrameworksBuildPhase;
			buildActionMask = 2147483647;
			files = (
				AB4EBF1AF87110BDC3AD1C4D /* Pods_RideNiceRideTests.framework in Frameworks */,
			);
			runOnlyForDeploymentPostprocessing = 0;
		};
		95BA8BA61DC2F1B700E60586 /* Frameworks */ = {
			isa = PBXFrameworksBuildPhase;
			buildActionMask = 2147483647;
			files = (
				540B6CF1D1DBEDCA3ABC7B09 /* Pods_RideNiceRideUITests.framework in Frameworks */,
			);
			runOnlyForDeploymentPostprocessing = 0;
		};
/* End PBXFrameworksBuildPhase section */

/* Begin PBXGroup section */
		74668F4D925C0A0B2005F7CC /* Frameworks */ = {
			isa = PBXGroup;
			children = (
				E137CE4677B2FF345E515300 /* Pods_RideNiceRide.framework */,
				4DC24E9C012D42CE7219BBE5 /* Pods_RideNiceRideTests.framework */,
				2EDC30CA0D96D8D58301DD3B /* Pods_RideNiceRideUITests.framework */,
			);
			name = Frameworks;
			sourceTree = "<group>";
		};
		9579A6B71DC558F20010F621 /* Extensions */ = {
			isa = PBXGroup;
			children = (
				9579A6B81DC559520010F621 /* String.swift */,
				9579A6BA1DC56D1A0010F621 /* UIApplication.swift */,
				9579A6BB1DC56D1A0010F621 /* UIColor.swift */,
				9579A6BC1DC56D1A0010F621 /* UIImage.swift */,
				9579A6BD1DC56D1A0010F621 /* UIImageView.swift */,
				9579A6BE1DC56D1A0010F621 /* UITableViewExtension.swift */,
				9579A6BF1DC56D1A0010F621 /* UIView.swift */,
				9579A6C01DC56D1A0010F621 /* UIViewController.swift */,
			);
			path = Extensions;
			sourceTree = "<group>";
		};
		9579A6C81DC5A0990010F621 /* Resources */ = {
			isa = PBXGroup;
			children = (
				95BA8B941DC2F1B700E60586 /* Assets.xcassets */,
			);
			path = Resources;
			sourceTree = "<group>";
		};
		9579A6C91DC5A0BA0010F621 /* Enums */ = {
			isa = PBXGroup;
			children = (
				957B91891DD76259000AE432 /* Storyboard.swift */,
				958843FF1DD7D78E00F62CC7 /* Images.swift */,
			);
			path = Enums;
			sourceTree = "<group>";
		};
		9579A6CA1DC759450010F621 /* API */ = {
			isa = PBXGroup;
			children = (
				95AB792B1E17FDDB00A28A7D /* HubwayAPI.swift */,
			);
			path = API;
			sourceTree = "<group>";
		};
		9579A6CB1DC7594B0010F621 /* Storyboards */ = {
			isa = PBXGroup;
			children = (
				95BA8B911DC2F1B700E60586 /* Main.storyboard */,
				95BA8B961DC2F1B700E60586 /* LaunchScreen.storyboard */,
			);
			name = Storyboards;
			sourceTree = "<group>";
		};
		9579A6CC1DC759540010F621 /* ViewControllers */ = {
			isa = PBXGroup;
			children = (
				9579A6D01DC75F9F0010F621 /* SlideMenu */,
				9579A6CF1DC75F810010F621 /* PullUp */,
			);
			path = ViewControllers;
			sourceTree = "<group>";
		};
		9579A6CD1DC7595E0010F621 /* Views */ = {
			isa = PBXGroup;
			children = (
				9579A6D11DC76F360010F621 /* ImageHeaderView.swift */,
				9579A6D31DC78F010010F621 /* ImageHeaderView.xib */,
				9503DDFC1DC8B4D90056E731 /* BaseTableViewCell.swift */,
				9594C5361DE207DE005F780A /* FavoritesTableViewCell.swift */,
			);
			path = Views;
			sourceTree = "<group>";
		};
		9579A6CE1DC759650010F621 /* Models */ = {
			isa = PBXGroup;
			children = (
				9594C5341DE1C1A9005F780A /* Station.swift */,
			);
			path = Models;
			sourceTree = "<group>";
		};
		9579A6CF1DC75F810010F621 /* PullUp */ = {
			isa = PBXGroup;
			children = (
				95E8CEB21DD9F7E600406FC9 /* ContentViewController.swift */,
				95BA03F61DDDD273007825CD /* BottomViewController.swift */,
			);
			path = PullUp;
			sourceTree = "<group>";
		};
		9579A6D01DC75F9F0010F621 /* SlideMenu */ = {
			isa = PBXGroup;
			children = (
				95CAAF281DD362BB00809AB7 /* MainViewController.swift */,
				95E475031DD5EB550027765C /* LeftViewController.swift */,
				957B91831DD754A1000AE432 /* ExSlideMenuController.swift */,
				957B91851DD75ADB000AE432 /* FavoritesViewController.swift */,
				957B91871DD75F88000AE432 /* RentalHistoryViewController.swift */,
			);
			path = SlideMenu;
			sourceTree = "<group>";
		};
		95AB792A1E17FA7F00A28A7D /* Supporting Files */ = {
			isa = PBXGroup;
			children = (
				954FF3ED1DCB64D70067C6CB /* Info.plist */,
			);
			path = "Supporting Files";
			sourceTree = "<group>";
		};
		95BA8B811DC2F1B700E60586 = {
			isa = PBXGroup;
			children = (
				95BA8B8C1DC2F1B700E60586 /* RideNiceRide */,
				95BA8BA11DC2F1B700E60586 /* RideNiceRideTests */,
				95BA8BAC1DC2F1B700E60586 /* RideNiceRideUITests */,
				95BA8B8B1DC2F1B700E60586 /* Products */,
				F785C31DA451C7F25D1CDA00 /* Pods */,
				74668F4D925C0A0B2005F7CC /* Frameworks */,
			);
			sourceTree = "<group>";
		};
		95BA8B8B1DC2F1B700E60586 /* Products */ = {
			isa = PBXGroup;
			children = (
				95BA8B8A1DC2F1B700E60586 /* RideNiceRide.app */,
				95BA8B9E1DC2F1B700E60586 /* RideNiceRideTests.xctest */,
				95BA8BA91DC2F1B700E60586 /* RideNiceRideUITests.xctest */,
			);
			name = Products;
			sourceTree = "<group>";
		};
		95BA8B8C1DC2F1B700E60586 /* RideNiceRide */ = {
			isa = PBXGroup;
			children = (
				95BA8B8D1DC2F1B700E60586 /* AppDelegate.swift */,
				9579A6CB1DC7594B0010F621 /* Storyboards */,
				9579A6CA1DC759450010F621 /* API */,
				9579A6C91DC5A0BA0010F621 /* Enums */,
				9579A6B71DC558F20010F621 /* Extensions */,
				9579A6CE1DC759650010F621 /* Models */,
				9579A6C81DC5A0990010F621 /* Resources */,
				9579A6CC1DC759540010F621 /* ViewControllers */,
				9579A6CD1DC7595E0010F621 /* Views */,
				95AB792A1E17FA7F00A28A7D /* Supporting Files */,
			);
			path = RideNiceRide;
			sourceTree = "<group>";
		};
		95BA8BA11DC2F1B700E60586 /* RideNiceRideTests */ = {
			isa = PBXGroup;
			children = (
				95BA8BA21DC2F1B700E60586 /* RideNiceRideTests.swift */,
				95BA8BA41DC2F1B700E60586 /* Info.plist */,
			);
			path = RideNiceRideTests;
			sourceTree = "<group>";
		};
		95BA8BAC1DC2F1B700E60586 /* RideNiceRideUITests */ = {
			isa = PBXGroup;
			children = (
				95BA8BAD1DC2F1B700E60586 /* RideNiceRideUITests.swift */,
				95BA8BAF1DC2F1B700E60586 /* Info.plist */,
			);
			path = RideNiceRideUITests;
			sourceTree = "<group>";
		};
		F785C31DA451C7F25D1CDA00 /* Pods */ = {
			isa = PBXGroup;
			children = (
				FFD9861FA88A6161EA9CD943 /* Pods-RideNiceRide.debug.xcconfig */,
				AE686DD1349C0D1A20AAE675 /* Pods-RideNiceRide.release.xcconfig */,
				14D50F199D5C0620D2A8B024 /* Pods-RideNiceRideTests.debug.xcconfig */,
				4F5F0F2780110C8436656AE5 /* Pods-RideNiceRideTests.release.xcconfig */,
				51F791ADF308A9989CCB0E7A /* Pods-RideNiceRideUITests.debug.xcconfig */,
				79D39A267472A538A414C839 /* Pods-RideNiceRideUITests.release.xcconfig */,
			);
			name = Pods;
			sourceTree = "<group>";
		};
/* End PBXGroup section */

/* Begin PBXNativeTarget section */
		95BA8B891DC2F1B700E60586 /* RideNiceRide */ = {
			isa = PBXNativeTarget;
			buildConfigurationList = 95BA8BB21DC2F1B700E60586 /* Build configuration list for PBXNativeTarget "RideNiceRide" */;
			buildPhases = (
				68C61B4E6364862B74C160BC /* [CP] Check Pods Manifest.lock */,
				95BA8B861DC2F1B700E60586 /* Sources */,
				95BA8B871DC2F1B700E60586 /* Frameworks */,
				95BA8B881DC2F1B700E60586 /* Resources */,
				092B96CD9FD778BCC35981E3 /* [CP] Embed Pods Frameworks */,
				7182B14B038ED9A3FE118CF1 /* [CP] Copy Pods Resources */,
				951308ED1DC2FC6300562C37 /* ShellScript */,
			);
			buildRules = (
			);
			dependencies = (
			);
			name = RideNiceRide;
			productName = RideNiceRide;
			productReference = 95BA8B8A1DC2F1B700E60586 /* RideNiceRide.app */;
			productType = "com.apple.product-type.application";
		};
		95BA8B9D1DC2F1B700E60586 /* RideNiceRideTests */ = {
			isa = PBXNativeTarget;
			buildConfigurationList = 95BA8BB51DC2F1B700E60586 /* Build configuration list for PBXNativeTarget "RideNiceRideTests" */;
			buildPhases = (
				F203C1A679F407BACA34D6AA /* [CP] Check Pods Manifest.lock */,
				95BA8B9A1DC2F1B700E60586 /* Sources */,
				95BA8B9B1DC2F1B700E60586 /* Frameworks */,
				95BA8B9C1DC2F1B700E60586 /* Resources */,
				EBBA3743D7494E77398185AF /* [CP] Embed Pods Frameworks */,
				192CEC732CC5265F077328DC /* [CP] Copy Pods Resources */,
			);
			buildRules = (
			);
			dependencies = (
				95BA8BA01DC2F1B700E60586 /* PBXTargetDependency */,
			);
			name = RideNiceRideTests;
			productName = RideNiceRideTests;
			productReference = 95BA8B9E1DC2F1B700E60586 /* RideNiceRideTests.xctest */;
			productType = "com.apple.product-type.bundle.unit-test";
		};
		95BA8BA81DC2F1B700E60586 /* RideNiceRideUITests */ = {
			isa = PBXNativeTarget;
			buildConfigurationList = 95BA8BB81DC2F1B700E60586 /* Build configuration list for PBXNativeTarget "RideNiceRideUITests" */;
			buildPhases = (
				6DB0E14DD20730A26EA5EA83 /* [CP] Check Pods Manifest.lock */,
				95BA8BA51DC2F1B700E60586 /* Sources */,
				95BA8BA61DC2F1B700E60586 /* Frameworks */,
				95BA8BA71DC2F1B700E60586 /* Resources */,
				C9ECD8A655BE571D9228A84A /* [CP] Embed Pods Frameworks */,
				1DA62AA9C94F12752404FA2E /* [CP] Copy Pods Resources */,
			);
			buildRules = (
			);
			dependencies = (
				95BA8BAB1DC2F1B700E60586 /* PBXTargetDependency */,
			);
			name = RideNiceRideUITests;
			productName = RideNiceRideUITests;
			productReference = 95BA8BA91DC2F1B700E60586 /* RideNiceRideUITests.xctest */;
			productType = "com.apple.product-type.bundle.ui-testing";
		};
/* End PBXNativeTarget section */

/* Begin PBXProject section */
		95BA8B821DC2F1B700E60586 /* Project object */ = {
			isa = PBXProject;
			attributes = {
				LastSwiftUpdateCheck = 0800;
				LastUpgradeCheck = 0810;
				ORGANIZATIONNAME = "Jeff Schmitz";
				TargetAttributes = {
					95BA8B891DC2F1B700E60586 = {
						CreatedOnToolsVersion = 8.0;
						DevelopmentTeam = 3Q3NT65HWY;
						ProvisioningStyle = Automatic;
					};
					95BA8B9D1DC2F1B700E60586 = {
						CreatedOnToolsVersion = 8.0;
						DevelopmentTeam = 3Q3NT65HWY;
						ProvisioningStyle = Automatic;
						TestTargetID = 95BA8B891DC2F1B700E60586;
					};
					95BA8BA81DC2F1B700E60586 = {
						CreatedOnToolsVersion = 8.0;
						DevelopmentTeam = 3Q3NT65HWY;
						ProvisioningStyle = Automatic;
						TestTargetID = 95BA8B891DC2F1B700E60586;
					};
				};
			};
			buildConfigurationList = 95BA8B851DC2F1B700E60586 /* Build configuration list for PBXProject "RideNiceRide" */;
			compatibilityVersion = "Xcode 3.2";
			developmentRegion = English;
			hasScannedForEncodings = 0;
			knownRegions = (
				en,
				Base,
			);
			mainGroup = 95BA8B811DC2F1B700E60586;
			productRefGroup = 95BA8B8B1DC2F1B700E60586 /* Products */;
			projectDirPath = "";
			projectRoot = "";
			targets = (
				95BA8B891DC2F1B700E60586 /* RideNiceRide */,
				95BA8B9D1DC2F1B700E60586 /* RideNiceRideTests */,
				95BA8BA81DC2F1B700E60586 /* RideNiceRideUITests */,
			);
		};
/* End PBXProject section */

/* Begin PBXResourcesBuildPhase section */
		95BA8B881DC2F1B700E60586 /* Resources */ = {
			isa = PBXResourcesBuildPhase;
			buildActionMask = 2147483647;
			files = (
				95BA8B981DC2F1B700E60586 /* LaunchScreen.storyboard in Resources */,
				95BA8B951DC2F1B700E60586 /* Assets.xcassets in Resources */,
				95BA8B931DC2F1B700E60586 /* Main.storyboard in Resources */,
				9579A6D41DC78F010010F621 /* ImageHeaderView.xib in Resources */,
			);
			runOnlyForDeploymentPostprocessing = 0;
		};
		95BA8B9C1DC2F1B700E60586 /* Resources */ = {
			isa = PBXResourcesBuildPhase;
			buildActionMask = 2147483647;
			files = (
			);
			runOnlyForDeploymentPostprocessing = 0;
		};
		95BA8BA71DC2F1B700E60586 /* Resources */ = {
			isa = PBXResourcesBuildPhase;
			buildActionMask = 2147483647;
			files = (
			);
			runOnlyForDeploymentPostprocessing = 0;
		};
/* End PBXResourcesBuildPhase section */

/* Begin PBXShellScriptBuildPhase section */
		092B96CD9FD778BCC35981E3 /* [CP] Embed Pods Frameworks */ = {
			isa = PBXShellScriptBuildPhase;
			buildActionMask = 2147483647;
			files = (
			);
			inputPaths = (
			);
			name = "[CP] Embed Pods Frameworks";
			outputPaths = (
			);
			runOnlyForDeploymentPostprocessing = 0;
			shellPath = /bin/sh;
			shellScript = "\"${SRCROOT}/Pods/Target Support Files/Pods-RideNiceRide/Pods-RideNiceRide-frameworks.sh\"\n";
			showEnvVarsInLog = 0;
		};
		192CEC732CC5265F077328DC /* [CP] Copy Pods Resources */ = {
			isa = PBXShellScriptBuildPhase;
			buildActionMask = 2147483647;
			files = (
			);
			inputPaths = (
			);
			name = "[CP] Copy Pods Resources";
			outputPaths = (
			);
			runOnlyForDeploymentPostprocessing = 0;
			shellPath = /bin/sh;
			shellScript = "\"${SRCROOT}/Pods/Target Support Files/Pods-RideNiceRideTests/Pods-RideNiceRideTests-resources.sh\"\n";
			showEnvVarsInLog = 0;
		};
		1DA62AA9C94F12752404FA2E /* [CP] Copy Pods Resources */ = {
			isa = PBXShellScriptBuildPhase;
			buildActionMask = 2147483647;
			files = (
			);
			inputPaths = (
			);
			name = "[CP] Copy Pods Resources";
			outputPaths = (
			);
			runOnlyForDeploymentPostprocessing = 0;
			shellPath = /bin/sh;
			shellScript = "\"${SRCROOT}/Pods/Target Support Files/Pods-RideNiceRideUITests/Pods-RideNiceRideUITests-resources.sh\"\n";
			showEnvVarsInLog = 0;
		};
		68C61B4E6364862B74C160BC /* [CP] Check Pods Manifest.lock */ = {
			isa = PBXShellScriptBuildPhase;
			buildActionMask = 2147483647;
			files = (
			);
			inputPaths = (
			);
			name = "[CP] Check Pods Manifest.lock";
			outputPaths = (
			);
			runOnlyForDeploymentPostprocessing = 0;
			shellPath = /bin/sh;
			shellScript = "diff \"${PODS_ROOT}/../Podfile.lock\" \"${PODS_ROOT}/Manifest.lock\" > /dev/null\nif [ $? != 0 ] ; then\n    # print error to STDERR\n    echo \"error: The sandbox is not in sync with the Podfile.lock. Run 'pod install' or update your CocoaPods installation.\" >&2\n    exit 1\nfi\n";
			showEnvVarsInLog = 0;
		};
		6DB0E14DD20730A26EA5EA83 /* [CP] Check Pods Manifest.lock */ = {
			isa = PBXShellScriptBuildPhase;
			buildActionMask = 2147483647;
			files = (
			);
			inputPaths = (
			);
			name = "[CP] Check Pods Manifest.lock";
			outputPaths = (
			);
			runOnlyForDeploymentPostprocessing = 0;
			shellPath = /bin/sh;
			shellScript = "diff \"${PODS_ROOT}/../Podfile.lock\" \"${PODS_ROOT}/Manifest.lock\" > /dev/null\nif [ $? != 0 ] ; then\n    # print error to STDERR\n    echo \"error: The sandbox is not in sync with the Podfile.lock. Run 'pod install' or update your CocoaPods installation.\" >&2\n    exit 1\nfi\n";
			showEnvVarsInLog = 0;
		};
		7182B14B038ED9A3FE118CF1 /* [CP] Copy Pods Resources */ = {
			isa = PBXShellScriptBuildPhase;
			buildActionMask = 2147483647;
			files = (
			);
			inputPaths = (
			);
			name = "[CP] Copy Pods Resources";
			outputPaths = (
			);
			runOnlyForDeploymentPostprocessing = 0;
			shellPath = /bin/sh;
			shellScript = "\"${SRCROOT}/Pods/Target Support Files/Pods-RideNiceRide/Pods-RideNiceRide-resources.sh\"\n";
			showEnvVarsInLog = 0;
		};
		951308ED1DC2FC6300562C37 /* ShellScript */ = {
			isa = PBXShellScriptBuildPhase;
			buildActionMask = 2147483647;
			files = (
			);
			inputPaths = (
			);
			outputPaths = (
			);
			runOnlyForDeploymentPostprocessing = 0;
			shellPath = /bin/sh;
			shellScript = "if which swiftlint >/dev/null; then\nswiftlint\nelse\necho \"warning: SwiftLint not installed, download from https://github.com/realm/SwiftLint\"\nfi\n\"${PODS_ROOT}/Fabric/run\" 7642271a57d3c95df4635b356a2129252eff2e2b 3ba2b147b35a9d261f8d9c0e6dd58f0324994e7a5f449b94483d658eec4a5d85";
		};
		C9ECD8A655BE571D9228A84A /* [CP] Embed Pods Frameworks */ = {
			isa = PBXShellScriptBuildPhase;
			buildActionMask = 2147483647;
			files = (
			);
			inputPaths = (
			);
			name = "[CP] Embed Pods Frameworks";
			outputPaths = (
			);
			runOnlyForDeploymentPostprocessing = 0;
			shellPath = /bin/sh;
			shellScript = "\"${SRCROOT}/Pods/Target Support Files/Pods-RideNiceRideUITests/Pods-RideNiceRideUITests-frameworks.sh\"\n";
			showEnvVarsInLog = 0;
		};
		EBBA3743D7494E77398185AF /* [CP] Embed Pods Frameworks */ = {
			isa = PBXShellScriptBuildPhase;
			buildActionMask = 2147483647;
			files = (
			);
			inputPaths = (
			);
			name = "[CP] Embed Pods Frameworks";
			outputPaths = (
			);
			runOnlyForDeploymentPostprocessing = 0;
			shellPath = /bin/sh;
			shellScript = "\"${SRCROOT}/Pods/Target Support Files/Pods-RideNiceRideTests/Pods-RideNiceRideTests-frameworks.sh\"\n";
			showEnvVarsInLog = 0;
		};
		F203C1A679F407BACA34D6AA /* [CP] Check Pods Manifest.lock */ = {
			isa = PBXShellScriptBuildPhase;
			buildActionMask = 2147483647;
			files = (
			);
			inputPaths = (
			);
			name = "[CP] Check Pods Manifest.lock";
			outputPaths = (
			);
			runOnlyForDeploymentPostprocessing = 0;
			shellPath = /bin/sh;
			shellScript = "diff \"${PODS_ROOT}/../Podfile.lock\" \"${PODS_ROOT}/Manifest.lock\" > /dev/null\nif [ $? != 0 ] ; then\n    # print error to STDERR\n    echo \"error: The sandbox is not in sync with the Podfile.lock. Run 'pod install' or update your CocoaPods installation.\" >&2\n    exit 1\nfi\n";
			showEnvVarsInLog = 0;
		};
/* End PBXShellScriptBuildPhase section */

/* Begin PBXSourcesBuildPhase section */
		95BA8B861DC2F1B700E60586 /* Sources */ = {
			isa = PBXSourcesBuildPhase;
			buildActionMask = 2147483647;
			files = (
				957B918A1DD76259000AE432 /* Storyboard.swift in Sources */,
				9579A6C11DC56D1A0010F621 /* UIApplication.swift in Sources */,
				9579A6B91DC559520010F621 /* String.swift in Sources */,
				9579A6C41DC56D1A0010F621 /* UIImageView.swift in Sources */,
				95CAAF291DD362BB00809AB7 /* MainViewController.swift in Sources */,
				95E475041DD5EB550027765C /* LeftViewController.swift in Sources */,
				9579A6D21DC76F360010F621 /* ImageHeaderView.swift in Sources */,
				9579A6C51DC56D1A0010F621 /* UITableViewExtension.swift in Sources */,
				9503DDFD1DC8B4D90056E731 /* BaseTableViewCell.swift in Sources */,
				95E8CEB31DD9F7E600406FC9 /* ContentViewController.swift in Sources */,
				9579A6C71DC56D1A0010F621 /* UIViewController.swift in Sources */,
				9594C5371DE207DE005F780A /* FavoritesTableViewCell.swift in Sources */,
				957B91881DD75F88000AE432 /* RentalHistoryViewController.swift in Sources */,
				957B91841DD754A1000AE432 /* ExSlideMenuController.swift in Sources */,
				9594C5351DE1C1A9005F780A /* Station.swift in Sources */,
				9579A6C31DC56D1A0010F621 /* UIImage.swift in Sources */,
				95AB792C1E17FDDB00A28A7D /* HubwayAPI.swift in Sources */,
				958844001DD7D78E00F62CC7 /* Images.swift in Sources */,
				95BA8B8E1DC2F1B700E60586 /* AppDelegate.swift in Sources */,
				9579A6C61DC56D1A0010F621 /* UIView.swift in Sources */,
				95BA03F71DDDD273007825CD /* BottomViewController.swift in Sources */,
				957B91861DD75ADB000AE432 /* FavoritesViewController.swift in Sources */,
				9579A6C21DC56D1A0010F621 /* UIColor.swift in Sources */,
			);
			runOnlyForDeploymentPostprocessing = 0;
		};
		95BA8B9A1DC2F1B700E60586 /* Sources */ = {
			isa = PBXSourcesBuildPhase;
			buildActionMask = 2147483647;
			files = (
				95BA8BA31DC2F1B700E60586 /* RideNiceRideTests.swift in Sources */,
			);
			runOnlyForDeploymentPostprocessing = 0;
		};
		95BA8BA51DC2F1B700E60586 /* Sources */ = {
			isa = PBXSourcesBuildPhase;
			buildActionMask = 2147483647;
			files = (
				95BA8BAE1DC2F1B700E60586 /* RideNiceRideUITests.swift in Sources */,
			);
			runOnlyForDeploymentPostprocessing = 0;
		};
/* End PBXSourcesBuildPhase section */

/* Begin PBXTargetDependency section */
		95BA8BA01DC2F1B700E60586 /* PBXTargetDependency */ = {
			isa = PBXTargetDependency;
			target = 95BA8B891DC2F1B700E60586 /* RideNiceRide */;
			targetProxy = 95BA8B9F1DC2F1B700E60586 /* PBXContainerItemProxy */;
		};
		95BA8BAB1DC2F1B700E60586 /* PBXTargetDependency */ = {
			isa = PBXTargetDependency;
			target = 95BA8B891DC2F1B700E60586 /* RideNiceRide */;
			targetProxy = 95BA8BAA1DC2F1B700E60586 /* PBXContainerItemProxy */;
		};
/* End PBXTargetDependency section */

/* Begin PBXVariantGroup section */
		95BA8B911DC2F1B700E60586 /* Main.storyboard */ = {
			isa = PBXVariantGroup;
			children = (
				95BA8B921DC2F1B700E60586 /* Base */,
			);
			name = Main.storyboard;
			sourceTree = "<group>";
		};
		95BA8B961DC2F1B700E60586 /* LaunchScreen.storyboard */ = {
			isa = PBXVariantGroup;
			children = (
				95BA8B971DC2F1B700E60586 /* Base */,
			);
			name = LaunchScreen.storyboard;
			sourceTree = "<group>";
		};
/* End PBXVariantGroup section */

/* Begin XCBuildConfiguration section */
		95BA8BB01DC2F1B700E60586 /* Debug */ = {
			isa = XCBuildConfiguration;
			buildSettings = {
				ALWAYS_SEARCH_USER_PATHS = NO;
				CLANG_ANALYZER_NONNULL = YES;
				CLANG_CXX_LANGUAGE_STANDARD = "gnu++0x";
				CLANG_CXX_LIBRARY = "libc++";
				CLANG_ENABLE_MODULES = YES;
				CLANG_ENABLE_OBJC_ARC = YES;
				CLANG_WARN_BOOL_CONVERSION = YES;
				CLANG_WARN_CONSTANT_CONVERSION = YES;
				CLANG_WARN_DIRECT_OBJC_ISA_USAGE = YES_ERROR;
				CLANG_WARN_DOCUMENTATION_COMMENTS = YES;
				CLANG_WARN_EMPTY_BODY = YES;
				CLANG_WARN_ENUM_CONVERSION = YES;
				CLANG_WARN_INFINITE_RECURSION = YES;
				CLANG_WARN_INT_CONVERSION = YES;
				CLANG_WARN_OBJC_ROOT_CLASS = YES_ERROR;
				CLANG_WARN_SUSPICIOUS_MOVE = YES;
				CLANG_WARN_SUSPICIOUS_MOVES = YES;
				CLANG_WARN_UNREACHABLE_CODE = YES;
				CLANG_WARN__DUPLICATE_METHOD_MATCH = YES;
				"CODE_SIGN_IDENTITY[sdk=iphoneos*]" = "iPhone Developer";
				COPY_PHASE_STRIP = NO;
				DEBUG_INFORMATION_FORMAT = dwarf;
				ENABLE_STRICT_OBJC_MSGSEND = YES;
				ENABLE_TESTABILITY = YES;
				GCC_C_LANGUAGE_STANDARD = gnu99;
				GCC_DYNAMIC_NO_PIC = NO;
				GCC_NO_COMMON_BLOCKS = YES;
				GCC_OPTIMIZATION_LEVEL = 0;
				GCC_PREPROCESSOR_DEFINITIONS = (
					"DEBUG=1",
					"$(inherited)",
				);
				GCC_WARN_64_TO_32_BIT_CONVERSION = YES;
				GCC_WARN_ABOUT_RETURN_TYPE = YES_ERROR;
				GCC_WARN_UNDECLARED_SELECTOR = YES;
				GCC_WARN_UNINITIALIZED_AUTOS = YES_AGGRESSIVE;
				GCC_WARN_UNUSED_FUNCTION = YES;
				GCC_WARN_UNUSED_VARIABLE = YES;
				IPHONEOS_DEPLOYMENT_TARGET = 10.0;
				MTL_ENABLE_DEBUG_INFO = YES;
				ONLY_ACTIVE_ARCH = YES;
				SDKROOT = iphoneos;
				SWIFT_ACTIVE_COMPILATION_CONDITIONS = DEBUG;
				SWIFT_OPTIMIZATION_LEVEL = "-Onone";
				TARGETED_DEVICE_FAMILY = "1,2";
			};
			name = Debug;
		};
		95BA8BB11DC2F1B700E60586 /* Release */ = {
			isa = XCBuildConfiguration;
			buildSettings = {
				ALWAYS_SEARCH_USER_PATHS = NO;
				CLANG_ANALYZER_NONNULL = YES;
				CLANG_CXX_LANGUAGE_STANDARD = "gnu++0x";
				CLANG_CXX_LIBRARY = "libc++";
				CLANG_ENABLE_MODULES = YES;
				CLANG_ENABLE_OBJC_ARC = YES;
				CLANG_WARN_BOOL_CONVERSION = YES;
				CLANG_WARN_CONSTANT_CONVERSION = YES;
				CLANG_WARN_DIRECT_OBJC_ISA_USAGE = YES_ERROR;
				CLANG_WARN_DOCUMENTATION_COMMENTS = YES;
				CLANG_WARN_EMPTY_BODY = YES;
				CLANG_WARN_ENUM_CONVERSION = YES;
				CLANG_WARN_INFINITE_RECURSION = YES;
				CLANG_WARN_INT_CONVERSION = YES;
				CLANG_WARN_OBJC_ROOT_CLASS = YES_ERROR;
				CLANG_WARN_SUSPICIOUS_MOVE = YES;
				CLANG_WARN_SUSPICIOUS_MOVES = YES;
				CLANG_WARN_UNREACHABLE_CODE = YES;
				CLANG_WARN__DUPLICATE_METHOD_MATCH = YES;
				"CODE_SIGN_IDENTITY[sdk=iphoneos*]" = "iPhone Developer";
				COPY_PHASE_STRIP = NO;
				DEBUG_INFORMATION_FORMAT = "dwarf-with-dsym";
				ENABLE_NS_ASSERTIONS = NO;
				ENABLE_STRICT_OBJC_MSGSEND = YES;
				GCC_C_LANGUAGE_STANDARD = gnu99;
				GCC_NO_COMMON_BLOCKS = YES;
				GCC_WARN_64_TO_32_BIT_CONVERSION = YES;
				GCC_WARN_ABOUT_RETURN_TYPE = YES_ERROR;
				GCC_WARN_UNDECLARED_SELECTOR = YES;
				GCC_WARN_UNINITIALIZED_AUTOS = YES_AGGRESSIVE;
				GCC_WARN_UNUSED_FUNCTION = YES;
				GCC_WARN_UNUSED_VARIABLE = YES;
				IPHONEOS_DEPLOYMENT_TARGET = 10.0;
				MTL_ENABLE_DEBUG_INFO = NO;
				SDKROOT = iphoneos;
				SWIFT_OPTIMIZATION_LEVEL = "-Owholemodule";
				TARGETED_DEVICE_FAMILY = "1,2";
				VALIDATE_PRODUCT = YES;
			};
			name = Release;
		};
		95BA8BB31DC2F1B700E60586 /* Debug */ = {
			isa = XCBuildConfiguration;
			baseConfigurationReference = FFD9861FA88A6161EA9CD943 /* Pods-RideNiceRide.debug.xcconfig */;
			buildSettings = {
				ASSETCATALOG_COMPILER_APPICON_NAME = AppIcon;
				DEBUG_INFORMATION_FORMAT = "dwarf-with-dsym";
				DEVELOPMENT_TEAM = 3Q3NT65HWY;
				INFOPLIST_FILE = "RideNiceRide/Supporting Files/Info.plist";
				IPHONEOS_DEPLOYMENT_TARGET = 9.0;
				LD_RUNPATH_SEARCH_PATHS = "$(inherited) @executable_path/Frameworks";
				PRODUCT_BUNDLE_IDENTIFIER = com.codefume.RideNiceRide;
				PRODUCT_NAME = "$(TARGET_NAME)";
				SWIFT_VERSION = 3.0;
			};
			name = Debug;
		};
		95BA8BB41DC2F1B700E60586 /* Release */ = {
			isa = XCBuildConfiguration;
			baseConfigurationReference = AE686DD1349C0D1A20AAE675 /* Pods-RideNiceRide.release.xcconfig */;
			buildSettings = {
				ASSETCATALOG_COMPILER_APPICON_NAME = AppIcon;
				DEBUG_INFORMATION_FORMAT = "dwarf-with-dsym";
				DEVELOPMENT_TEAM = 3Q3NT65HWY;
				INFOPLIST_FILE = "RideNiceRide/Supporting Files/Info.plist";
				IPHONEOS_DEPLOYMENT_TARGET = 9.0;
				LD_RUNPATH_SEARCH_PATHS = "$(inherited) @executable_path/Frameworks";
				PRODUCT_BUNDLE_IDENTIFIER = com.codefume.RideNiceRide;
				PRODUCT_NAME = "$(TARGET_NAME)";
				SWIFT_VERSION = 3.0;
			};
			name = Release;
		};
		95BA8BB61DC2F1B700E60586 /* Debug */ = {
			isa = XCBuildConfiguration;
			baseConfigurationReference = 14D50F199D5C0620D2A8B024 /* Pods-RideNiceRideTests.debug.xcconfig */;
			buildSettings = {
				BUNDLE_LOADER = "$(TEST_HOST)";
				DEVELOPMENT_TEAM = 3Q3NT65HWY;
				INFOPLIST_FILE = RideNiceRideTests/Info.plist;
				LD_RUNPATH_SEARCH_PATHS = "$(inherited) @executable_path/Frameworks @loader_path/Frameworks";
				PRODUCT_BUNDLE_IDENTIFIER = com.codefume.RideNiceRideTests;
				PRODUCT_NAME = "$(TARGET_NAME)";
				SWIFT_VERSION = 3.0;
				TEST_HOST = "$(BUILT_PRODUCTS_DIR)/RideNiceRide.app/RideNiceRide";
			};
			name = Debug;
		};
		95BA8BB71DC2F1B700E60586 /* Release */ = {
			isa = XCBuildConfiguration;
			baseConfigurationReference = 4F5F0F2780110C8436656AE5 /* Pods-RideNiceRideTests.release.xcconfig */;
			buildSettings = {
				BUNDLE_LOADER = "$(TEST_HOST)";
				DEVELOPMENT_TEAM = 3Q3NT65HWY;
				INFOPLIST_FILE = RideNiceRideTests/Info.plist;
				LD_RUNPATH_SEARCH_PATHS = "$(inherited) @executable_path/Frameworks @loader_path/Frameworks";
				PRODUCT_BUNDLE_IDENTIFIER = com.codefume.RideNiceRideTests;
				PRODUCT_NAME = "$(TARGET_NAME)";
				SWIFT_VERSION = 3.0;
				TEST_HOST = "$(BUILT_PRODUCTS_DIR)/RideNiceRide.app/RideNiceRide";
			};
			name = Release;
		};
		95BA8BB91DC2F1B700E60586 /* Debug */ = {
			isa = XCBuildConfiguration;
			baseConfigurationReference = 51F791ADF308A9989CCB0E7A /* Pods-RideNiceRideUITests.debug.xcconfig */;
			buildSettings = {
				DEVELOPMENT_TEAM = 3Q3NT65HWY;
				INFOPLIST_FILE = RideNiceRideUITests/Info.plist;
				LD_RUNPATH_SEARCH_PATHS = "$(inherited) @executable_path/Frameworks @loader_path/Frameworks";
				PRODUCT_BUNDLE_IDENTIFIER = com.codefume.RideNiceRideUITests;
				PRODUCT_NAME = "$(TARGET_NAME)";
				SWIFT_VERSION = 3.0;
				TEST_TARGET_NAME = RideNiceRide;
			};
			name = Debug;
		};
		95BA8BBA1DC2F1B700E60586 /* Release */ = {
			isa = XCBuildConfiguration;
			baseConfigurationReference = 79D39A267472A538A414C839 /* Pods-RideNiceRideUITests.release.xcconfig */;
			buildSettings = {
				DEVELOPMENT_TEAM = 3Q3NT65HWY;
				INFOPLIST_FILE = RideNiceRideUITests/Info.plist;
				LD_RUNPATH_SEARCH_PATHS = "$(inherited) @executable_path/Frameworks @loader_path/Frameworks";
				PRODUCT_BUNDLE_IDENTIFIER = com.codefume.RideNiceRideUITests;
				PRODUCT_NAME = "$(TARGET_NAME)";
				SWIFT_VERSION = 3.0;
				TEST_TARGET_NAME = RideNiceRide;
			};
			name = Release;
		};
/* End XCBuildConfiguration section */

/* Begin XCConfigurationList section */
		95BA8B851DC2F1B700E60586 /* Build configuration list for PBXProject "RideNiceRide" */ = {
			isa = XCConfigurationList;
			buildConfigurations = (
				95BA8BB01DC2F1B700E60586 /* Debug */,
				95BA8BB11DC2F1B700E60586 /* Release */,
			);
			defaultConfigurationIsVisible = 0;
			defaultConfigurationName = Release;
		};
		95BA8BB21DC2F1B700E60586 /* Build configuration list for PBXNativeTarget "RideNiceRide" */ = {
			isa = XCConfigurationList;
			buildConfigurations = (
				95BA8BB31DC2F1B700E60586 /* Debug */,
				95BA8BB41DC2F1B700E60586 /* Release */,
			);
			defaultConfigurationIsVisible = 0;
			defaultConfigurationName = Release;
		};
		95BA8BB51DC2F1B700E60586 /* Build configuration list for PBXNativeTarget "RideNiceRideTests" */ = {
			isa = XCConfigurationList;
			buildConfigurations = (
				95BA8BB61DC2F1B700E60586 /* Debug */,
				95BA8BB71DC2F1B700E60586 /* Release */,
			);
			defaultConfigurationIsVisible = 0;
			defaultConfigurationName = Release;
		};
		95BA8BB81DC2F1B700E60586 /* Build configuration list for PBXNativeTarget "RideNiceRideUITests" */ = {
			isa = XCConfigurationList;
			buildConfigurations = (
				95BA8BB91DC2F1B700E60586 /* Debug */,
				95BA8BBA1DC2F1B700E60586 /* Release */,
			);
			defaultConfigurationIsVisible = 0;
			defaultConfigurationName = Release;
		};
/* End XCConfigurationList section */
	};
	rootObject = 95BA8B821DC2F1B700E60586 /* Project object */;
}
